version: 2.0
shards:
  apatite:
    git: https://github.com/watzon/apatite.git
    version: 0.1.0+git.commit.9ed28220eb7136eecc05c70cb16b7a41a6d0e958

  authentic:
    git: https://github.com/luckyframework/authentic.git
    version: 0.5.4

  avram:
    git: https://github.com/luckyframework/avram.git
    version: 0.14.0

  blank:
    git: https://github.com/kostya/blank.git
    version: 0.1.0

  cadmium_classifier:
    git: https://github.com/cadmiumcr/classifier.git
    version: 0.1.0+git.commit.22609f050564fb90595bdbdfdf4007e67861c5c4

  cadmium_tokenizer:
    git: https://github.com/cadmiumcr/tokenizer.git
    version: 0.1.0+git.commit.e7f8733e4d8ead9a811b6f41d0b5fa621ba03033

  carbon:
    git: https://github.com/luckyframework/carbon.git
    version: 0.1.1

  cry:
    git: https://github.com/paulcsmith/cry.git
    version: 0.4.2

  db:
    git: https://github.com/crystal-lang/crystal-db.git
    version: 0.9.0

  dexter:
    git: https://github.com/luckyframework/dexter.git
    version: 0.2.0

  dotenv:
    git: https://github.com/gdotdesign/cr-dotenv.git
    version: 0.3.0

  exception_page:
    git: https://github.com/crystal-loot/exception_page.git
    version: 0.1.4

  git:
    git: https://github.com/microgit-com/libgit2.cr.git
    version: 0.1.0+git.commit.7069411d3357628a6294af97f88e9c718e87f8e9

  git_diff_parser:
    git: https://github.com/microgit-com/git_diff_parser.git
    version: 0.1.0+git.commit.e9e7db8e14367680a8478cfcb569f6ff6c33e531

  habitat:
    git: https://github.com/luckyframework/habitat.git
    version: 0.4.3

  jwt:
    git: https://github.com/crystal-community/jwt.git
    version: 1.2.0

  kilt:
    git: https://github.com/jeromegn/kilt.git
    version: 0.6.0

  linguist:
    git: https://github.com/microgit-com/linguist.cr.git
    version: 0.2.2

  lucky:
    git: https://github.com/luckyframework/lucky.git
    version: 0.21.1

  lucky_can:
    git: https://github.com/confact/lucky_can.git
    version: 0.1.0+git.commit.2004fe0e4d02a43ca3f7b4728c28b1c501285a9c

  lucky_cli:
    git: https://github.com/luckyframework/lucky_cli.git
    version: 0.21.0

  lucky_encrypted:
    git: https://github.com/microgit-com/lucky_encrypted.git
    version: 0.1.0+git.commit.7f8f8ae16b4801d9237cc75044f915d1ea67f323

  lucky_router:
    git: https://github.com/luckyframework/lucky_router.git
    version: 0.2.2

  markd:
    git: https://github.com/icyleaf/markd.git
    version: 0.2.0

  mosquito:
    git: https://github.com/robacarp/mosquito.git
    version: 0.7.0

  openssl_ext:
    git: https://github.com/stakach/openssl_ext.git
    version: 1.2.0

  pg:
    git: https://github.com/will/crystal-pg.git
    version: 0.21.0

  pool:
    git: https://github.com/ysbaddaden/pool.git
    version: 0.2.3

  redis:
    git: https://github.com/stefanwille/crystal-redis.git
    version: 2.6.0

  shell-table:
    git: https://github.com/luckyframework/shell-table.cr.git
    version: 0.9.2+git.commit.078a04ea58ead5203bb435a3b5fff448ddabaeea

  sluggr:
    git: https://github.com/microgit-com/sluggr.git
    version: 0.1.0+git.commit.789ba497be050135465e8ef12b9b969514c5d2fd

  teeplate:
    git: https://github.com/luckyframework/teeplate.git
    version: 0.8.1

  wordsmith:
    git: https://github.com/luckyframework/wordsmith.git
    version: 0.2.0

